<?xml version="1.0" encoding="utf-8"?>
<Project ToolsVersion="4.0" xmlns="http://schemas.microsoft.com/developer/msbuild/2003">
  <ItemGroup>
    <Filter Include="Source Files">
      <UniqueIdentifier>{4FC737F1-C7A5-4376-A066-2A32D752A2FF}</UniqueIdentifier>
      <Extensions>cpp;c;cc;cxx;c++;cppm;ixx;def;odl;idl;hpj;bat;asm;asmx</Extensions>
    </Filter>
    <Filter Include="Header Files">
      <UniqueIdentifier>{93995380-89BD-4b04-88EB-625FBE52EBFB}</UniqueIdentifier>
      <Extensions>h;hh;hpp;hxx;h++;hm;inl;inc;ipp;xsd</Extensions>
    </Filter>
    <Filter Include="Resource Files">
      <UniqueIdentifier>{67DA6AB6-F800-4c08-8B7A-83BB121AAD01}</UniqueIdentifier>
      <Extensions>rc;ico;cur;bmp;dlg;rc2;rct;bin;rgs;gif;jpg;jpeg;jpe;resx;tiff;tif;png;wav;mfcribbon-ms</Extensions>
    </Filter>
    <Filter Include="Resource Files\Shaders">
      <UniqueIdentifier>{a7ffa985-40f1-492c-85aa-5c3f1e35fbf0}</UniqueIdentifier>
    </Filter>
    <Filter Include="Resource Files\Textures">
      <UniqueIdentifier>{1b3b1ba8-72d5-4b77-9b46-1c5dcf45a34d}</UniqueIdentifier>
    </Filter>
  </ItemGroup>
  <ItemGroup>
    <ClCompile Include="glad.c">
      <Filter>Source Files</Filter>
    </ClCompile>
    <ClCompile Include="Main.cpp">
      <Filter>Source Files</Filter>
    </ClCompile>
    <ClCompile Include="EBO.cpp">
      <Filter>Source Files</Filter>
    </ClCompile>
    <ClCompile Include="shaderClass.cpp">
      <Filter>Source Files</Filter>
    </ClCompile>
    <ClCompile Include="VAO.cpp">
      <Filter>Source Files</Filter>
    </ClCompile>
    <ClCompile Include="VBO.cpp">
      <Filter>Source Files</Filter>
    </ClCompile>
    <ClCompile Include="stb.cpp">
      <Filter>Source Files</Filter>
    </ClCompile>
    <ClCompile Include="Texture.cpp">
      <Filter>Source Files</Filter>
    </ClCompile>
    <ClCompile Include="Camera.cpp">
      <Filter>Source Files</Filter>
    </ClCompile>
    <ClCompile Include="Mesh.cpp">
      <Filter>Source Files</Filter>
    </ClCompile>
    <ClCompile Include="Model.cpp">
      <Filter>Source Files</Filter>
    </ClCompile>
  </ItemGroup>
  <ItemGroup>
    <ClInclude Include="EBO.h">
      <Filter>Header Files</Filter>
    </ClInclude>
    <ClInclude Include="shaderClass.h">
      <Filter>Header Files</Filter>
    </ClInclude>
    <ClInclude Include="VAO.h">
      <Filter>Header Files</Filter>
    </ClInclude>
    <ClInclude Include="VBO.h">
      <Filter>Header Files</Filter>
    </ClInclude>
    <ClInclude Include="Texture.h">
      <Filter>Header Files</Filter>
    </ClInclude>
    <ClInclude Include="Camera.h">
      <Filter>Header Files</Filter>
    </ClInclude>
    <ClInclude Include="Mesh.h">
      <Filter>Header Files</Filter>
    </ClInclude>
    <ClInclude Include="Model.h">
      <Filter>Header Files</Filter>
    </ClInclude>
    <ClInclude Include="Coordinates.h">
      <Filter>Header Files</Filter>
    </ClInclude>
  </ItemGroup>
  <ItemGroup>
    <None Include="default.vert">
      <Filter>Resource Files\Shaders</Filter>
    </None>
    <None Include="default.frag">
      <Filter>Resource Files\Shaders</Filter>
    </None>
    <None Include="skybox.vert">
      <Filter>Resource Files\Shaders</Filter>
    </None>
    <None Include="skybox.frag">
      <Filter>Resource Files\Shaders</Filter>
    </None>
  </ItemGroup>
  <ItemGroup>
    <Image Include="planks.png">
      <Filter>Resource Files\Textures</Filter>
    </Image>
    <Image Include="planksSpec.png">
      <Filter>Resource Files\Textures</Filter>
    </Image>
    <Image Include="bricks.png">
      <Filter>Resource Files\Textures</Filter>
    </Image>
    <Image Include="sand.png">
      <Filter>Resource Files\Textures</Filter>
    </Image>
    <Image Include="Number5.png">
      <Filter>Resource Files\Textures</Filter>
    </Image>
    <Image Include="PlusSign.png">
      <Filter>Resource Files\Textures</Filter>
    </Image>
    <Image Include="Number2.png">
      <Filter>Resource Files\Textures</Filter>
    </Image>
    <Image Include="EqualsSign.png">
      <Filter>Resource Files\Textures</Filter>
    </Image>
    <Image Include="QuestionMark.png">
      <Filter>Resource Files\Textures</Filter>
    </Image>
    <Image Include="Number7 .png">
      <Filter>Resource Files\Textures</Filter>
    </Image>
    <Image Include="Number8.png">
      <Filter>Resource Files\Textures</Filter>
    </Image>
    <Image Include="MiddleWall.png">
      <Filter>Resource Files\Textures</Filter>
    </Image>
    <Image Include="Number1.png">
      <Filter>Resource Files\Textures</Filter>
    </Image>
    <Image Include="Number0.png">
      <Filter>Resource Files\Textures</Filter>
    </Image>
    <Image Include="Number6.png">
      <Filter>Resource Files\Textures</Filter>
    </Image>
    <Image Include="Number9.png">
      <Filter>Resource Files\Textures</Filter>
    </Image>
    <Image Include="Number4.png">
      <Filter>Resource Files\Textures</Filter>
    </Image>
    <Image Include="Number3.png">
      <Filter>Resource Files\Textures</Filter>
    </Image>
    <Image Include="DivideSign.png">
      <Filter>Resource Files\Textures</Filter>
    </Image>
    <Image Include="MinusSign.png">
      <Filter>Resource Files\Textures</Filter>
    </Image>
    <Image Include="MultiplySign.png">
      <Filter>Resource Files\Textures</Filter>
    </Image>
    <Image Include="brown.png">
      <Filter>Resource Files\Textures</Filter>
    </Image>
    <Image Include="StoneWall.png">
      <Filter>Resource Files\Textures</Filter>
    </Image>
    <Image Include="gold.png">
      <Filter>Resource Files\Textures</Filter>
    </Image>
    <Image Include="black.png">
      <Filter>Resource Files\Textures</Filter>
    </Image>
  </ItemGroup>
</Project>